
Microsoft Visual Studio Solution File, Format Version 12.00
# Visual Studio 15
VisualStudioVersion = 15.0.26228.12
MinimumVisualStudioVersion = 10.0.40219.1
Project("{2150E333-8FDC-42A3-9474-1A3956D46DE8}") = "Engine", "Engine", "{04F90EEC-23AE-422A-B48A-046ED6EA6290}"
EndProject
Project("{2150E333-8FDC-42A3-9474-1A3956D46DE8}") = "Games", "Games", "{0778FAED-21F7-40B1-B0D3-4C97C246EFCD}"
EndProject
Project("{8BC9CEB8-8B4A-11D0-8D11-00A0C91BC942}") = "UE4", "Intermediate\ProjectFiles\UE4.vcxproj", "{C2CFC7D3-2A95-4FFA-B6EF-5D98A308A400}"
EndProject
Project("{8BC9CEB8-8B4A-11D0-8D11-00A0C91BC942}") = "BuildingEscape", "Intermediate\ProjectFiles\BuildingEscape.vcxproj", "{7A00AFF8-AAB8-4E04-83E0-4BF86BB43ED7}"
EndProject
Global
	GlobalSection(SolutionConfigurationPlatforms) = preSolution
		DebugGame Editor|HTML5 = DebugGame Editor|HTML5
		DebugGame Editor|Win32 = DebugGame Editor|Win32
		DebugGame Editor|Win64 = DebugGame Editor|Win64
		DebugGame|HTML5 = DebugGame|HTML5
		DebugGame|Win32 = DebugGame|Win32
		DebugGame|Win64 = DebugGame|Win64
		Development Editor|HTML5 = Development Editor|HTML5
		Development Editor|Win32 = Development Editor|Win32
		Development Editor|Win64 = Development Editor|Win64
		Development|HTML5 = Development|HTML5
		Development|Win32 = Development|Win32
		Development|Win64 = Development|Win64
		Shipping|HTML5 = Shipping|HTML5
		Shipping|Win32 = Shipping|Win32
		Shipping|Win64 = Shipping|Win64
	EndGlobalSection
	GlobalSection(ProjectConfigurationPlatforms) = postSolution
		{C2CFC7D3-2A95-4FFA-B6EF-5D98A308A400}.DebugGame Editor|HTML5.ActiveCfg = BuiltWithUnrealBuildTool|Win32
		{C2CFC7D3-2A95-4FFA-B6EF-5D98A308A400}.DebugGame Editor|HTML5.Build.0 = BuiltWithUnrealBuildTool|Win32
		{C2CFC7D3-2A95-4FFA-B6EF-5D98A308A400}.DebugGame Editor|Win32.ActiveCfg = BuiltWithUnrealBuildTool|Win32
		{C2CFC7D3-2A95-4FFA-B6EF-5D98A308A400}.DebugGame Editor|Win32.Build.0 = BuiltWithUnrealBuildTool|Win32
		{C2CFC7D3-2A95-4FFA-B6EF-5D98A308A400}.DebugGame Editor|Win64.ActiveCfg = BuiltWithUnrealBuildTool|Win32
		{C2CFC7D3-2A95-4FFA-B6EF-5D98A308A400}.DebugGame Editor|Win64.Build.0 = BuiltWithUnrealBuildTool|Win32
		{C2CFC7D3-2A95-4FFA-B6EF-5D98A308A400}.DebugGame|HTML5.ActiveCfg = BuiltWithUnrealBuildTool|Win32
		{C2CFC7D3-2A95-4FFA-B6EF-5D98A308A400}.DebugGame|HTML5.Build.0 = BuiltWithUnrealBuildTool|Win32
		{C2CFC7D3-2A95-4FFA-B6EF-5D98A308A400}.DebugGame|Win32.ActiveCfg = BuiltWithUnrealBuildTool|Win32
		{C2CFC7D3-2A95-4FFA-B6EF-5D98A308A400}.DebugGame|Win32.Build.0 = BuiltWithUnrealBuildTool|Win32
		{C2CFC7D3-2A95-4FFA-B6EF-5D98A308A400}.DebugGame|Win64.ActiveCfg = BuiltWithUnrealBuildTool|Win32
		{C2CFC7D3-2A95-4FFA-B6EF-5D98A308A400}.DebugGame|Win64.Build.0 = BuiltWithUnrealBuildTool|Win32
		{C2CFC7D3-2A95-4FFA-B6EF-5D98A308A400}.Development Editor|HTML5.ActiveCfg = BuiltWithUnrealBuildTool|Win32
		{C2CFC7D3-2A95-4FFA-B6EF-5D98A308A400}.Development Editor|HTML5.Build.0 = BuiltWithUnrealBuildTool|Win32
		{C2CFC7D3-2A95-4FFA-B6EF-5D98A308A400}.Development Editor|Win32.ActiveCfg = BuiltWithUnrealBuildTool|Win32
		{C2CFC7D3-2A95-4FFA-B6EF-5D98A308A400}.Development Editor|Win32.Build.0 = BuiltWithUnrealBuildTool|Win32
		{C2CFC7D3-2A95-4FFA-B6EF-5D98A308A400}.Development Editor|Win64.ActiveCfg = BuiltWithUnrealBuildTool|Win32
		{C2CFC7D3-2A95-4FFA-B6EF-5D98A308A400}.Development Editor|Win64.Build.0 = BuiltWithUnrealBuildTool|Win32
		{C2CFC7D3-2A95-4FFA-B6EF-5D98A308A400}.Development|HTML5.ActiveCfg = BuiltWithUnrealBuildTool|Win32
		{C2CFC7D3-2A95-4FFA-B6EF-5D98A308A400}.Development|HTML5.Build.0 = BuiltWithUnrealBuildTool|Win32
		{C2CFC7D3-2A95-4FFA-B6EF-5D98A308A400}.Development|Win32.ActiveCfg = BuiltWithUnrealBuildTool|Win32
		{C2CFC7D3-2A95-4FFA-B6EF-5D98A308A400}.Development|Win32.Build.0 = BuiltWithUnrealBuildTool|Win32
		{C2CFC7D3-2A95-4FFA-B6EF-5D98A308A400}.Development|Win64.ActiveCfg = BuiltWithUnrealBuildTool|Win32
		{C2CFC7D3-2A95-4FFA-B6EF-5D98A308A400}.Development|Win64.Build.0 = BuiltWithUnrealBuildTool|Win32
		{C2CFC7D3-2A95-4FFA-B6EF-5D98A308A400}.Shipping|HTML5.ActiveCfg = BuiltWithUnrealBuildTool|Win32
		{C2CFC7D3-2A95-4FFA-B6EF-5D98A308A400}.Shipping|HTML5.Build.0 = BuiltWithUnrealBuildTool|Win32
		{C2CFC7D3-2A95-4FFA-B6EF-5D98A308A400}.Shipping|Win32.ActiveCfg = BuiltWithUnrealBuildTool|Win32
		{C2CFC7D3-2A95-4FFA-B6EF-5D98A308A400}.Shipping|Win32.Build.0 = BuiltWithUnrealBuildTool|Win32
		{C2CFC7D3-2A95-4FFA-B6EF-5D98A308A400}.Shipping|Win64.ActiveCfg = BuiltWithUnrealBuildTool|Win32
		{C2CFC7D3-2A95-4FFA-B6EF-5D98A308A400}.Shipping|Win64.Build.0 = BuiltWithUnrealBuildTool|Win32
		{7A00AFF8-AAB8-4E04-83E0-4BF86BB43ED7}.DebugGame Editor|HTML5.ActiveCfg = HTML5_DebugGame_Editor|Win32
		{7A00AFF8-AAB8-4E04-83E0-4BF86BB43ED7}.DebugGame Editor|Win32.ActiveCfg = DebugGame_Editor|Win32
		{7A00AFF8-AAB8-4E04-83E0-4BF86BB43ED7}.DebugGame Editor|Win64.ActiveCfg = DebugGame_Editor|x64
		{7A00AFF8-AAB8-4E04-83E0-4BF86BB43ED7}.DebugGame Editor|Win64.Build.0 = DebugGame_Editor|x64
		{7A00AFF8-AAB8-4E04-83E0-4BF86BB43ED7}.DebugGame|HTML5.ActiveCfg = HTML5_DebugGame_Game|Win32
		{7A00AFF8-AAB8-4E04-83E0-4BF86BB43ED7}.DebugGame|HTML5.Build.0 = HTML5_DebugGame_Game|Win32
		{7A00AFF8-AAB8-4E04-83E0-4BF86BB43ED7}.DebugGame|Win32.ActiveCfg = DebugGame_Game|Win32
		{7A00AFF8-AAB8-4E04-83E0-4BF86BB43ED7}.DebugGame|Win32.Build.0 = DebugGame_Game|Win32
		{7A00AFF8-AAB8-4E04-83E0-4BF86BB43ED7}.DebugGame|Win64.ActiveCfg = DebugGame_Game|x64
		{7A00AFF8-AAB8-4E04-83E0-4BF86BB43ED7}.DebugGame|Win64.Build.0 = DebugGame_Game|x64
		{7A00AFF8-AAB8-4E04-83E0-4BF86BB43ED7}.Development Editor|HTML5.ActiveCfg = HTML5_Development_Editor|Win32
		{7A00AFF8-AAB8-4E04-83E0-4BF86BB43ED7}.Development Editor|Win32.ActiveCfg = Development_Editor|Win32
		{7A00AFF8-AAB8-4E04-83E0-4BF86BB43ED7}.Development Editor|Win64.ActiveCfg = Development_Editor|x64
		{7A00AFF8-AAB8-4E04-83E0-4BF86BB43ED7}.Development Editor|Win64.Build.0 = Development_Editor|x64
		{7A00AFF8-AAB8-4E04-83E0-4BF86BB43ED7}.Development|HTML5.ActiveCfg = HTML5_Development_Game|Win32
		{7A00AFF8-AAB8-4E04-83E0-4BF86BB43ED7}.Development|HTML5.Build.0 = HTML5_Development_Game|Win32
		{7A00AFF8-AAB8-4E04-83E0-4BF86BB43ED7}.Development|Win32.ActiveCfg = Development_Game|Win32
		{7A00AFF8-AAB8-4E04-83E0-4BF86BB43ED7}.Development|Win32.Build.0 = Development_Game|Win32
		{7A00AFF8-AAB8-4E04-83E0-4BF86BB43ED7}.Development|Win64.ActiveCfg = Development_Game|x64
		{7A00AFF8-AAB8-4E04-83E0-4BF86BB43ED7}.Development|Win64.Build.0 = Development_Game|x64
		{7A00AFF8-AAB8-4E04-83E0-4BF86BB43ED7}.Shipping|HTML5.ActiveCfg = HTML5_Shipping_Game|Win32
		{7A00AFF8-AAB8-4E04-83E0-4BF86BB43ED7}.Shipping|HTML5.Build.0 = HTML5_Shipping_Game|Win32
		{7A00AFF8-AAB8-4E04-83E0-4BF86BB43ED7}.Shipping|Win32.ActiveCfg = Shipping_Game|Win32
		{7A00AFF8-AAB8-4E04-83E0-4BF86BB43ED7}.Shipping|Win32.Build.0 = Shipping_Game|Win32
		{7A00AFF8-AAB8-4E04-83E0-4BF86BB43ED7}.Shipping|Win64.ActiveCfg = Shipping_Game|x64
		{7A00AFF8-AAB8-4E04-83E0-4BF86BB43ED7}.Shipping|Win64.Build.0 = Shipping_Game|x64
	EndGlobalSection
	GlobalSection(SolutionProperties) = preSolution
		HideSolutionNode = FALSE
	EndGlobalSection
	GlobalSection(NestedProjects) = preSolution
		{C2CFC7D3-2A95-4FFA-B6EF-5D98A308A400} = {04F90EEC-23AE-422A-B48A-046ED6EA6290}
		{7A00AFF8-AAB8-4E04-83E0-4BF86BB43ED7} = {0778FAED-21F7-40B1-B0D3-4C97C246EFCD}
	EndGlobalSection
EndGlobal
